
Microsoft Visual Studio Solution File, Format Version 12.00
# Visual Studio Version 16
VisualStudioVersion = 16.0.29613.14
MinimumVisualStudioVersion = 10.0.40219.1
Project("{9A19103F-16F7-4668-BE54-9A1E7A4F7556}") = "RabbitMqWorker", "RabbitMqWorker\RabbitMqWorker.csproj", "{9528D4B1-985B-45E4-A4C9-A58A222BC79E}"
EndProject
Project("{9A19103F-16F7-4668-BE54-9A1E7A4F7556}") = "BuildingBlock.MessageQueue", "..\buildingblock.messagequeue\BuildingBlock.MessageQueue\BuildingBlock.MessageQueue.csproj", "{D16C884B-A9AD-49F2-AD64-C0B1AAA2AD10}"
EndProject
Project("{9A19103F-16F7-4668-BE54-9A1E7A4F7556}") = "BuildingBlock.MessageQueue.RabbitMq", "..\buildingblock.messagequeue\BuildingBlock.MessageQueue.RabbitMq\BuildingBlock.MessageQueue.RabbitMq.csproj", "{6B59F02F-0ABF-4773-A4FC-3B85B67EEB43}"
EndProject
Global
	GlobalSection(SolutionConfigurationPlatforms) = preSolution
		Debug|Any CPU = Debug|Any CPU
		Release|Any CPU = Release|Any CPU
	EndGlobalSection
	GlobalSection(ProjectConfigurationPlatforms) = postSolution
		{9528D4B1-985B-45E4-A4C9-A58A222BC79E}.Debug|Any CPU.ActiveCfg = Debug|Any CPU
		{9528D4B1-985B-45E4-A4C9-A58A222BC79E}.Debug|Any CPU.Build.0 = Debug|Any CPU
		{9528D4B1-985B-45E4-A4C9-A58A222BC79E}.Release|Any CPU.ActiveCfg = Release|Any CPU
		{9528D4B1-985B-45E4-A4C9-A58A222BC79E}.Release|Any CPU.Build.0 = Release|Any CPU
		{D16C884B-A9AD-49F2-AD64-C0B1AAA2AD10}.Debug|Any CPU.ActiveCfg = Debug|Any CPU
		{D16C884B-A9AD-49F2-AD64-C0B1AAA2AD10}.Debug|Any CPU.Build.0 = Debug|Any CPU
		{D16C884B-A9AD-49F2-AD64-C0B1AAA2AD10}.Release|Any CPU.ActiveCfg = Release|Any CPU
		{D16C884B-A9AD-49F2-AD64-C0B1AAA2AD10}.Release|Any CPU.Build.0 = Release|Any CPU
		{6B59F02F-0ABF-4773-A4FC-3B85B67EEB43}.Debug|Any CPU.ActiveCfg = Debug|Any CPU
		{6B59F02F-0ABF-4773-A4FC-3B85B67EEB43}.Debug|Any CPU.Build.0 = Debug|Any CPU
		{6B59F02F-0ABF-4773-A4FC-3B85B67EEB43}.Release|Any CPU.ActiveCfg = Release|Any CPU
		{6B59F02F-0ABF-4773-A4FC-3B85B67EEB43}.Release|Any CPU.Build.0 = Release|Any CPU
	EndGlobalSection
	GlobalSection(SolutionProperties) = preSolution
		HideSolutionNode = FALSE
	EndGlobalSection
	GlobalSection(ExtensibilityGlobals) = postSolution
		SolutionGuid = {49C0807E-C2A9-43DB-9A2A-2E8299B16522}
	EndGlobalSection
EndGlobal
